
Microsoft Visual Studio Solution File, Format Version 12.00
# Visual Studio Version 16
VisualStudioVersion = 16.0.30002.166
MinimumVisualStudioVersion = 10.0.40219.1
Project("{FAE04EC0-301F-11D3-BF4B-00C04F79EFBC}") = "QuanLyKho", "QuanLyKho\QuanLyKho.csproj", "{FFA371E7-48A0-4551-965D-DE143E01431C}"
EndProject
Project("{2150E333-8FDC-42A3-9474-1A3956D46DE8}") = "Solution Items", "Solution Items", "{DA0E3545-BDE4-4F99-884C-D0CA2AD1C7C7}"
	ProjectSection(SolutionItems) = preProject
		.editorconfig = .editorconfig
	EndProjectSection
EndProject
Global
	GlobalSection(SolutionConfigurationPlatforms) = preSolution
		Debug|Any CPU = Debug|Any CPU
		Release|Any CPU = Release|Any CPU
	EndGlobalSection
	GlobalSection(ProjectConfigurationPlatforms) = postSolution
		{FFA371E7-48A0-4551-965D-DE143E01431C}.Debug|Any CPU.ActiveCfg = Debug|Any CPU
		{FFA371E7-48A0-4551-965D-DE143E01431C}.Debug|Any CPU.Build.0 = Debug|Any CPU
		{FFA371E7-48A0-4551-965D-DE143E01431C}.Release|Any CPU.ActiveCfg = Release|Any CPU
		{FFA371E7-48A0-4551-965D-DE143E01431C}.Release|Any CPU.Build.0 = Release|Any CPU
	EndGlobalSection
	GlobalSection(SolutionProperties) = preSolution
		HideSolutionNode = FALSE
	EndGlobalSection
	GlobalSection(ExtensibilityGlobals) = postSolution
		SolutionGuid = {9E66319E-FF96-454E-8940-E5DFAE0A1D9C}
	EndGlobalSection
EndGlobal
